
Microsoft Visual Studio Solution File, Format Version 12.00
# Visual Studio Version 16
VisualStudioVersion = 16.0.31702.278
MinimumVisualStudioVersion = 10.0.40219.1
Project("{8BC9CEB8-8B4A-11D0-8D11-00A0C91BC942}") = "Project Number 4", "Project Number 4.vcxproj", "{585DF5E6-8054-4E61-9C36-A31A881EBC2F}"
EndProject
Global
	GlobalSection(SolutionConfigurationPlatforms) = preSolution
		Debug|x64 = Debug|x64
		Debug|x86 = Debug|x86
		Release|x64 = Release|x64
		Release|x86 = Release|x86
	EndGlobalSection
	GlobalSection(ProjectConfigurationPlatforms) = postSolution
		{585DF5E6-8054-4E61-9C36-A31A881EBC2F}.Debug|x64.ActiveCfg = Debug|x64
		{585DF5E6-8054-4E61-9C36-A31A881EBC2F}.Debug|x64.Build.0 = Debug|x64
		{585DF5E6-8054-4E61-9C36-A31A881EBC2F}.Debug|x86.ActiveCfg = Debug|Win32
		{585DF5E6-8054-4E61-9C36-A31A881EBC2F}.Debug|x86.Build.0 = Debug|Win32
		{585DF5E6-8054-4E61-9C36-A31A881EBC2F}.Release|x64.ActiveCfg = Release|x64
		{585DF5E6-8054-4E61-9C36-A31A881EBC2F}.Release|x64.Build.0 = Release|x64
		{585DF5E6-8054-4E61-9C36-A31A881EBC2F}.Release|x86.ActiveCfg = Release|Win32
		{585DF5E6-8054-4E61-9C36-A31A881EBC2F}.Release|x86.Build.0 = Release|Win32
	EndGlobalSection
	GlobalSection(SolutionProperties) = preSolution
		HideSolutionNode = FALSE
	EndGlobalSection
	GlobalSection(ExtensibilityGlobals) = postSolution
		SolutionGuid = {1AE7988E-93B9-47E0-9FED-D7F2CE41F161}
	EndGlobalSection
EndGlobal
